// !$*UTF8*$!
{
	archiveVersion = 1;
	classes = {
	};
	objectVersion = 46;
	objects = {

/* Begin PBXBuildFile section */
		9B79D47718D008C300A1FC7C /* BBButtonView.m in Sources */ = {isa = PBXBuildFile; fileRef = 9B79D47618D008C300A1FC7C /* BBButtonView.m */; };
		9B79D47918D0DC4800A1FC7C /* bacteria.png in Resources */ = {isa = PBXBuildFile; fileRef = 9B79D47818D0DC4800A1FC7C /* bacteria.png */; };
		9B79D47B18D0ED8100A1FC7C /* infectedWBC.png in Resources */ = {isa = PBXBuildFile; fileRef = 9B79D47A18D0ED8100A1FC7C /* infectedWBC.png */; };
		9B7A725F197455FD007D4817 /* TBResistant.png in Resources */ = {isa = PBXBuildFile; fileRef = 9B7A725E197455FD007D4817 /* TBResistant.png */; };
		9B7A7261197471AD007D4817 /* MalariaResistant.png in Resources */ = {isa = PBXBuildFile; fileRef = 9B7A7260197471AD007D4817 /* MalariaResistant.png */; };
		9BA2D55B18C92F560000627D /* capsule.png in Resources */ = {isa = PBXBuildFile; fileRef = 9BA2D55A18C92F560000627D /* capsule.png */; };
		9BA2D55E18CA51310000627D /* BBMenuViewController.m in Sources */ = {isa = PBXBuildFile; fileRef = 9BA2D55D18CA51310000627D /* BBMenuViewController.m */; };
		9BA2D56118CA905F0000627D /* BBObject.m in Sources */ = {isa = PBXBuildFile; fileRef = 9BA2D56018CA905F0000627D /* BBObject.m */; };
		9BA2D56418CA967C0000627D /* BBRobot.m in Sources */ = {isa = PBXBuildFile; fileRef = 9BA2D56318CA967C0000627D /* BBRobot.m */; };
		9BA2D56718CA96960000627D /* BBWhiteBloodCell.m in Sources */ = {isa = PBXBuildFile; fileRef = 9BA2D56618CA96960000627D /* BBWhiteBloodCell.m */; };
		9BA2D56A18CA9F250000627D /* BBRedBloodCell.m in Sources */ = {isa = PBXBuildFile; fileRef = 9BA2D56918CA9F250000627D /* BBRedBloodCell.m */; };
		9BA2D56D18CAA0B70000627D /* BBPathogen.m in Sources */ = {isa = PBXBuildFile; fileRef = 9BA2D56C18CAA0B70000627D /* BBPathogen.m */; };
		9BA2D57118CAAA750000627D /* diamond.png in Resources */ = {isa = PBXBuildFile; fileRef = 9BA2D57018CAAA750000627D /* diamond.png */; };
		9BA735A418CEAE43004C1EED /* WBC.png in Resources */ = {isa = PBXBuildFile; fileRef = 9BA735A318CEAE43004C1EED /* WBC.png */; };
		9BD46E7F1990614D00C69810 /* sickledBlue.png in Resources */ = {isa = PBXBuildFile; fileRef = 9BD46E7E1990614D00C69810 /* sickledBlue.png */; };
		9BD46E811990630200C69810 /* sickledRed.png in Resources */ = {isa = PBXBuildFile; fileRef = 9BD46E801990630200C69810 /* sickledRed.png */; };
		9BDEFE0018D4008D004A3BC4 /* BBGameOverViewController.m in Sources */ = {isa = PBXBuildFile; fileRef = 9BDEFDFF18D4008D004A3BC4 /* BBGameOverViewController.m */; };
		9BDEFE0218D40483004A3BC4 /* malaria.png in Resources */ = {isa = PBXBuildFile; fileRef = 9BDEFE0118D40483004A3BC4 /* malaria.png */; };
		9BE26574193A17DA006673D7 /* BBChooserViewController.m in Sources */ = {isa = PBXBuildFile; fileRef = 9BE26573193A17DA006673D7 /* BBChooserViewController.m */; };
		9BE92B55194B6A5A009A3813 /* iAd.framework in Frameworks */ = {isa = PBXBuildFile; fileRef = 9BE92B54194B6A5A009A3813 /* iAd.framework */; };
		9BE92B57194B7242009A3813 /* Blue.png in Resources */ = {isa = PBXBuildFile; fileRef = 9BE92B56194B7242009A3813 /* Blue.png */; };
		9BE92B59194B72B1009A3813 /* Red.png in Resources */ = {isa = PBXBuildFile; fileRef = 9BE92B58194B72B1009A3813 /* Red.png */; };
		9BE92B5F194B814E009A3813 /* redSickle.png in Resources */ = {isa = PBXBuildFile; fileRef = 9BE92B5C194B814E009A3813 /* redSickle.png */; };
		9BE92B61194B8A26009A3813 /* blueSickle.png in Resources */ = {isa = PBXBuildFile; fileRef = 9BE92B60194B8A26009A3813 /* blueSickle.png */; };
		9BE92B63194B8A2E009A3813 /* malariaRed.png in Resources */ = {isa = PBXBuildFile; fileRef = 9BE92B62194B8A2E009A3813 /* malariaRed.png */; };
		9BED8B5A18C7BD9A004EFAEC /* Foundation.framework in Frameworks */ = {isa = PBXBuildFile; fileRef = 9BED8B5918C7BD9A004EFAEC /* Foundation.framework */; };
		9BED8B5C18C7BD9A004EFAEC /* CoreGraphics.framework in Frameworks */ = {isa = PBXBuildFile; fileRef = 9BED8B5B18C7BD9A004EFAEC /* CoreGraphics.framework */; };
		9BED8B5E18C7BD9A004EFAEC /* UIKit.framework in Frameworks */ = {isa = PBXBuildFile; fileRef = 9BED8B5D18C7BD9A004EFAEC /* UIKit.framework */; };
		9BED8B6018C7BD9A004EFAEC /* SpriteKit.framework in Frameworks */ = {isa = PBXBuildFile; fileRef = 9BED8B5F18C7BD9A004EFAEC /* SpriteKit.framework */; };
		9BED8B6618C7BD9A004EFAEC /* InfoPlist.strings in Resources */ = {isa = PBXBuildFile; fileRef = 9BED8B6418C7BD9A004EFAEC /* InfoPlist.strings */; };
		9BED8B6818C7BD9A004EFAEC /* main.m in Sources */ = {isa = PBXBuildFile; fileRef = 9BED8B6718C7BD9A004EFAEC /* main.m */; };
		9BED8B6C18C7BD9A004EFAEC /* BBAppDelegate.m in Sources */ = {isa = PBXBuildFile; fileRef = 9BED8B6B18C7BD9A004EFAEC /* BBAppDelegate.m */; };
		9BED8B6F18C7BD9A004EFAEC /* Main_iPhone.storyboard in Resources */ = {isa = PBXBuildFile; fileRef = 9BED8B6D18C7BD9A004EFAEC /* Main_iPhone.storyboard */; };
		9BED8B7218C7BD9A004EFAEC /* Main_iPad.storyboard in Resources */ = {isa = PBXBuildFile; fileRef = 9BED8B7018C7BD9A004EFAEC /* Main_iPad.storyboard */; };
		9BED8B7518C7BD9A004EFAEC /* BBViewController.m in Sources */ = {isa = PBXBuildFile; fileRef = 9BED8B7418C7BD9A004EFAEC /* BBViewController.m */; };
		9BED8B7818C7BD9A004EFAEC /* BBMyScene.m in Sources */ = {isa = PBXBuildFile; fileRef = 9BED8B7718C7BD9A004EFAEC /* BBMyScene.m */; };
		9BED8B7C18C7BD9A004EFAEC /* Images.xcassets in Resources */ = {isa = PBXBuildFile; fileRef = 9BED8B7B18C7BD9A004EFAEC /* Images.xcassets */; };
		9BED8B8318C7BD9B004EFAEC /* XCTest.framework in Frameworks */ = {isa = PBXBuildFile; fileRef = 9BED8B8218C7BD9B004EFAEC /* XCTest.framework */; };
		9BED8B8418C7BD9B004EFAEC /* Foundation.framework in Frameworks */ = {isa = PBXBuildFile; fileRef = 9BED8B5918C7BD9A004EFAEC /* Foundation.framework */; };
		9BED8B8518C7BD9B004EFAEC /* UIKit.framework in Frameworks */ = {isa = PBXBuildFile; fileRef = 9BED8B5D18C7BD9A004EFAEC /* UIKit.framework */; };
		9BED8B8D18C7BD9B004EFAEC /* InfoPlist.strings in Resources */ = {isa = PBXBuildFile; fileRef = 9BED8B8B18C7BD9B004EFAEC /* InfoPlist.strings */; };
		9BED8B8F18C7BD9B004EFAEC /* BloodBotTests.m in Sources */ = {isa = PBXBuildFile; fileRef = 9BED8B8E18C7BD9B004EFAEC /* BloodBotTests.m */; };
/* End PBXBuildFile section */

/* Begin PBXContainerItemProxy section */
		9BED8B8618C7BD9B004EFAEC /* PBXContainerItemProxy */ = {
			isa = PBXContainerItemProxy;
			containerPortal = 9BED8B4E18C7BD9A004EFAEC /* Project object */;
			proxyType = 1;
			remoteGlobalIDString = 9BED8B5518C7BD9A004EFAEC;
			remoteInfo = BloodBot;
		};
/* End PBXContainerItemProxy section */

/* Begin PBXFileReference section */
		9B79D47518D008C300A1FC7C /* BBButtonView.h */ = {isa = PBXFileReference; fileEncoding = 4; lastKnownFileType = sourcecode.c.h; path = BBButtonView.h; sourceTree = "<group>"; };
		9B79D47618D008C300A1FC7C /* BBButtonView.m */ = {isa = PBXFileReference; fileEncoding = 4; lastKnownFileType = sourcecode.c.objc; path = BBButtonView.m; sourceTree = "<group>"; };
		9B79D47818D0DC4800A1FC7C /* bacteria.png */ = {isa = PBXFileReference; lastKnownFileType = image.png; path = bacteria.png; sourceTree = "<group>"; };
		9B79D47A18D0ED8100A1FC7C /* infectedWBC.png */ = {isa = PBXFileReference; lastKnownFileType = image.png; path = infectedWBC.png; sourceTree = "<group>"; };
		9B7A725E197455FD007D4817 /* TBResistant.png */ = {isa = PBXFileReference; lastKnownFileType = image.png; path = TBResistant.png; sourceTree = "<group>"; };
		9B7A7260197471AD007D4817 /* MalariaResistant.png */ = {isa = PBXFileReference; lastKnownFileType = image.png; path = MalariaResistant.png; sourceTree = "<group>"; };
		9BA2D55A18C92F560000627D /* capsule.png */ = {isa = PBXFileReference; lastKnownFileType = image.png; path = capsule.png; sourceTree = "<group>"; };
		9BA2D55C18CA51310000627D /* BBMenuViewController.h */ = {isa = PBXFileReference; fileEncoding = 4; lastKnownFileType = sourcecode.c.h; path = BBMenuViewController.h; sourceTree = "<group>"; };
		9BA2D55D18CA51310000627D /* BBMenuViewController.m */ = {isa = PBXFileReference; fileEncoding = 4; lastKnownFileType = sourcecode.c.objc; path = BBMenuViewController.m; sourceTree = "<group>"; };
		9BA2D55F18CA905F0000627D /* BBObject.h */ = {isa = PBXFileReference; fileEncoding = 4; lastKnownFileType = sourcecode.c.h; path = BBObject.h; sourceTree = "<group>"; };
		9BA2D56018CA905F0000627D /* BBObject.m */ = {isa = PBXFileReference; fileEncoding = 4; lastKnownFileType = sourcecode.c.objc; path = BBObject.m; sourceTree = "<group>"; };
		9BA2D56218CA967C0000627D /* BBRobot.h */ = {isa = PBXFileReference; fileEncoding = 4; lastKnownFileType = sourcecode.c.h; path = BBRobot.h; sourceTree = "<group>"; };
		9BA2D56318CA967C0000627D /* BBRobot.m */ = {isa = PBXFileReference; fileEncoding = 4; lastKnownFileType = sourcecode.c.objc; path = BBRobot.m; sourceTree = "<group>"; };
		9BA2D56518CA96960000627D /* BBWhiteBloodCell.h */ = {isa = PBXFileReference; fileEncoding = 4; lastKnownFileType = sourcecode.c.h; path = BBWhiteBloodCell.h; sourceTree = "<group>"; };
		9BA2D56618CA96960000627D /* BBWhiteBloodCell.m */ = {isa = PBXFileReference; fileEncoding = 4; lastKnownFileType = sourcecode.c.objc; path = BBWhiteBloodCell.m; sourceTree = "<group>"; };
		9BA2D56818CA9F250000627D /* BBRedBloodCell.h */ = {isa = PBXFileReference; fileEncoding = 4; lastKnownFileType = sourcecode.c.h; path = BBRedBloodCell.h; sourceTree = "<group>"; };
		9BA2D56918CA9F250000627D /* BBRedBloodCell.m */ = {isa = PBXFileReference; fileEncoding = 4; lastKnownFileType = sourcecode.c.objc; path = BBRedBloodCell.m; sourceTree = "<group>"; };
		9BA2D56B18CAA0B70000627D /* BBPathogen.h */ = {isa = PBXFileReference; fileEncoding = 4; lastKnownFileType = sourcecode.c.h; path = BBPathogen.h; sourceTree = "<group>"; };
		9BA2D56C18CAA0B70000627D /* BBPathogen.m */ = {isa = PBXFileReference; fileEncoding = 4; lastKnownFileType = sourcecode.c.objc; path = BBPathogen.m; sourceTree = "<group>"; };
		9BA2D57018CAAA750000627D /* diamond.png */ = {isa = PBXFileReference; lastKnownFileType = image.png; path = diamond.png; sourceTree = "<group>"; };
		9BA735A318CEAE43004C1EED /* WBC.png */ = {isa = PBXFileReference; lastKnownFileType = image.png; path = WBC.png; sourceTree = "<group>"; };
		9BD46E7E1990614D00C69810 /* sickledBlue.png */ = {isa = PBXFileReference; lastKnownFileType = image.png; path = sickledBlue.png; sourceTree = "<group>"; };
		9BD46E801990630200C69810 /* sickledRed.png */ = {isa = PBXFileReference; lastKnownFileType = image.png; path = sickledRed.png; sourceTree = "<group>"; };
		9BDEFDFE18D4008D004A3BC4 /* BBGameOverViewController.h */ = {isa = PBXFileReference; fileEncoding = 4; lastKnownFileType = sourcecode.c.h; path = BBGameOverViewController.h; sourceTree = "<group>"; };
		9BDEFDFF18D4008D004A3BC4 /* BBGameOverViewController.m */ = {isa = PBXFileReference; fileEncoding = 4; lastKnownFileType = sourcecode.c.objc; path = BBGameOverViewController.m; sourceTree = "<group>"; };
		9BDEFE0118D40483004A3BC4 /* malaria.png */ = {isa = PBXFileReference; lastKnownFileType = image.png; path = malaria.png; sourceTree = "<group>"; };
		9BE26572193A17DA006673D7 /* BBChooserViewController.h */ = {isa = PBXFileReference; fileEncoding = 4; lastKnownFileType = sourcecode.c.h; path = BBChooserViewController.h; sourceTree = "<group>"; };
		9BE26573193A17DA006673D7 /* BBChooserViewController.m */ = {isa = PBXFileReference; fileEncoding = 4; lastKnownFileType = sourcecode.c.objc; path = BBChooserViewController.m; sourceTree = "<group>"; };
		9BE92B54194B6A5A009A3813 /* iAd.framework */ = {isa = PBXFileReference; lastKnownFileType = wrapper.framework; name = iAd.framework; path = System/Library/Frameworks/iAd.framework; sourceTree = SDKROOT; };
		9BE92B56194B7242009A3813 /* Blue.png */ = {isa = PBXFileReference; lastKnownFileType = image.png; path = Blue.png; sourceTree = "<group>"; };
		9BE92B58194B72B1009A3813 /* Red.png */ = {isa = PBXFileReference; lastKnownFileType = image.png; path = Red.png; sourceTree = "<group>"; };
		9BE92B5C194B814E009A3813 /* redSickle.png */ = {isa = PBXFileReference; lastKnownFileType = image.png; path = redSickle.png; sourceTree = "<group>"; };
		9BE92B60194B8A26009A3813 /* blueSickle.png */ = {isa = PBXFileReference; lastKnownFileType = image.png; path = blueSickle.png; sourceTree = "<group>"; };
		9BE92B62194B8A2E009A3813 /* malariaRed.png */ = {isa = PBXFileReference; lastKnownFileType = image.png; path = malariaRed.png; sourceTree = "<group>"; };
		9BED8B5618C7BD9A004EFAEC /* BloodBot.app */ = {isa = PBXFileReference; explicitFileType = wrapper.application; includeInIndex = 0; path = BloodBot.app; sourceTree = BUILT_PRODUCTS_DIR; };
		9BED8B5918C7BD9A004EFAEC /* Foundation.framework */ = {isa = PBXFileReference; lastKnownFileType = wrapper.framework; name = Foundation.framework; path = System/Library/Frameworks/Foundation.framework; sourceTree = SDKROOT; };
		9BED8B5B18C7BD9A004EFAEC /* CoreGraphics.framework */ = {isa = PBXFileReference; lastKnownFileType = wrapper.framework; name = CoreGraphics.framework; path = System/Library/Frameworks/CoreGraphics.framework; sourceTree = SDKROOT; };
		9BED8B5D18C7BD9A004EFAEC /* UIKit.framework */ = {isa = PBXFileReference; lastKnownFileType = wrapper.framework; name = UIKit.framework; path = System/Library/Frameworks/UIKit.framework; sourceTree = SDKROOT; };
		9BED8B5F18C7BD9A004EFAEC /* SpriteKit.framework */ = {isa = PBXFileReference; lastKnownFileType = wrapper.framework; name = SpriteKit.framework; path = System/Library/Frameworks/SpriteKit.framework; sourceTree = SDKROOT; };
		9BED8B6318C7BD9A004EFAEC /* BloodBot-Info.plist */ = {isa = PBXFileReference; lastKnownFileType = text.plist.xml; path = "BloodBot-Info.plist"; sourceTree = "<group>"; };
		9BED8B6518C7BD9A004EFAEC /* en */ = {isa = PBXFileReference; lastKnownFileType = text.plist.strings; name = en; path = en.lproj/InfoPlist.strings; sourceTree = "<group>"; };
		9BED8B6718C7BD9A004EFAEC /* main.m */ = {isa = PBXFileReference; lastKnownFileType = sourcecode.c.objc; path = main.m; sourceTree = "<group>"; };
		9BED8B6918C7BD9A004EFAEC /* BloodBot-Prefix.pch */ = {isa = PBXFileReference; lastKnownFileType = sourcecode.c.h; path = "BloodBot-Prefix.pch"; sourceTree = "<group>"; };
		9BED8B6A18C7BD9A004EFAEC /* BBAppDelegate.h */ = {isa = PBXFileReference; lastKnownFileType = sourcecode.c.h; path = BBAppDelegate.h; sourceTree = "<group>"; };
		9BED8B6B18C7BD9A004EFAEC /* BBAppDelegate.m */ = {isa = PBXFileReference; lastKnownFileType = sourcecode.c.objc; path = BBAppDelegate.m; sourceTree = "<group>"; };
		9BED8B6E18C7BD9A004EFAEC /* Base */ = {isa = PBXFileReference; lastKnownFileType = file.storyboard; name = Base; path = Base.lproj/Main_iPhone.storyboard; sourceTree = "<group>"; };
		9BED8B7118C7BD9A004EFAEC /* Base */ = {isa = PBXFileReference; lastKnownFileType = file.storyboard; name = Base; path = Base.lproj/Main_iPad.storyboard; sourceTree = "<group>"; };
		9BED8B7318C7BD9A004EFAEC /* BBViewController.h */ = {isa = PBXFileReference; lastKnownFileType = sourcecode.c.h; path = BBViewController.h; sourceTree = "<group>"; };
		9BED8B7418C7BD9A004EFAEC /* BBViewController.m */ = {isa = PBXFileReference; lastKnownFileType = sourcecode.c.objc; path = BBViewController.m; sourceTree = "<group>"; };
		9BED8B7618C7BD9A004EFAEC /* BBMyScene.h */ = {isa = PBXFileReference; lastKnownFileType = sourcecode.c.h; path = BBMyScene.h; sourceTree = "<group>"; };
		9BED8B7718C7BD9A004EFAEC /* BBMyScene.m */ = {isa = PBXFileReference; lastKnownFileType = sourcecode.c.objc; path = BBMyScene.m; sourceTree = "<group>"; };
		9BED8B7B18C7BD9A004EFAEC /* Images.xcassets */ = {isa = PBXFileReference; lastKnownFileType = folder.assetcatalog; path = Images.xcassets; sourceTree = "<group>"; };
		9BED8B8118C7BD9B004EFAEC /* BloodBotTests.xctest */ = {isa = PBXFileReference; explicitFileType = wrapper.cfbundle; includeInIndex = 0; path = BloodBotTests.xctest; sourceTree = BUILT_PRODUCTS_DIR; };
		9BED8B8218C7BD9B004EFAEC /* XCTest.framework */ = {isa = PBXFileReference; lastKnownFileType = wrapper.framework; name = XCTest.framework; path = Library/Frameworks/XCTest.framework; sourceTree = DEVELOPER_DIR; };
		9BED8B8A18C7BD9B004EFAEC /* BloodBotTests-Info.plist */ = {isa = PBXFileReference; lastKnownFileType = text.plist.xml; path = "BloodBotTests-Info.plist"; sourceTree = "<group>"; };
		9BED8B8C18C7BD9B004EFAEC /* en */ = {isa = PBXFileReference; lastKnownFileType = text.plist.strings; name = en; path = en.lproj/InfoPlist.strings; sourceTree = "<group>"; };
		9BED8B8E18C7BD9B004EFAEC /* BloodBotTests.m */ = {isa = PBXFileReference; lastKnownFileType = sourcecode.c.objc; path = BloodBotTests.m; sourceTree = "<group>"; };
/* End PBXFileReference section */

/* Begin PBXFrameworksBuildPhase section */
		9BED8B5318C7BD9A004EFAEC /* Frameworks */ = {
			isa = PBXFrameworksBuildPhase;
			buildActionMask = 2147483647;
			files = (
				9BE92B55194B6A5A009A3813 /* iAd.framework in Frameworks */,
				9BED8B5C18C7BD9A004EFAEC /* CoreGraphics.framework in Frameworks */,
				9BED8B5E18C7BD9A004EFAEC /* UIKit.framework in Frameworks */,
				9BED8B6018C7BD9A004EFAEC /* SpriteKit.framework in Frameworks */,
				9BED8B5A18C7BD9A004EFAEC /* Foundation.framework in Frameworks */,
			);
			runOnlyForDeploymentPostprocessing = 0;
		};
		9BED8B7E18C7BD9B004EFAEC /* Frameworks */ = {
			isa = PBXFrameworksBuildPhase;
			buildActionMask = 2147483647;
			files = (
				9BED8B8318C7BD9B004EFAEC /* XCTest.framework in Frameworks */,
				9BED8B8518C7BD9B004EFAEC /* UIKit.framework in Frameworks */,
				9BED8B8418C7BD9B004EFAEC /* Foundation.framework in Frameworks */,
			);
			runOnlyForDeploymentPostprocessing = 0;
		};
/* End PBXFrameworksBuildPhase section */

/* Begin PBXGroup section */
		9BED8B4D18C7BD9A004EFAEC = {
			isa = PBXGroup;
			children = (
				9BED8B6118C7BD9A004EFAEC /* BloodBot */,
				9BED8B8818C7BD9B004EFAEC /* BloodBotTests */,
				9BED8B5818C7BD9A004EFAEC /* Frameworks */,
				9BED8B5718C7BD9A004EFAEC /* Products */,
			);
			sourceTree = "<group>";
		};
		9BED8B5718C7BD9A004EFAEC /* Products */ = {
			isa = PBXGroup;
			children = (
				9BED8B5618C7BD9A004EFAEC /* BloodBot.app */,
				9BED8B8118C7BD9B004EFAEC /* BloodBotTests.xctest */,
			);
			name = Products;
			sourceTree = "<group>";
		};
		9BED8B5818C7BD9A004EFAEC /* Frameworks */ = {
			isa = PBXGroup;
			children = (
				9BE92B54194B6A5A009A3813 /* iAd.framework */,
				9BED8B5918C7BD9A004EFAEC /* Foundation.framework */,
				9BED8B5B18C7BD9A004EFAEC /* CoreGraphics.framework */,
				9BED8B5D18C7BD9A004EFAEC /* UIKit.framework */,
				9BED8B5F18C7BD9A004EFAEC /* SpriteKit.framework */,
				9BED8B8218C7BD9B004EFAEC /* XCTest.framework */,
			);
			name = Frameworks;
			sourceTree = "<group>";
		};
		9BED8B6118C7BD9A004EFAEC /* BloodBot */ = {
			isa = PBXGroup;
			children = (
				9BED8B6A18C7BD9A004EFAEC /* BBAppDelegate.h */,
				9BED8B6B18C7BD9A004EFAEC /* BBAppDelegate.m */,
				9BED8B6D18C7BD9A004EFAEC /* Main_iPhone.storyboard */,
				9BED8B7018C7BD9A004EFAEC /* Main_iPad.storyboard */,
				9BA2D55C18CA51310000627D /* BBMenuViewController.h */,
				9BA2D55D18CA51310000627D /* BBMenuViewController.m */,
				9BE26572193A17DA006673D7 /* BBChooserViewController.h */,
				9BE26573193A17DA006673D7 /* BBChooserViewController.m */,
				9BED8B7318C7BD9A004EFAEC /* BBViewController.h */,
				9BED8B7418C7BD9A004EFAEC /* BBViewController.m */,
				9B79D47518D008C300A1FC7C /* BBButtonView.h */,
				9B79D47618D008C300A1FC7C /* BBButtonView.m */,
				9BED8B7618C7BD9A004EFAEC /* BBMyScene.h */,
				9BED8B7718C7BD9A004EFAEC /* BBMyScene.m */,
				9BDEFDFE18D4008D004A3BC4 /* BBGameOverViewController.h */,
				9BDEFDFF18D4008D004A3BC4 /* BBGameOverViewController.m */,
				9BED8B9818C7C97F004EFAEC /* Model */,
				9BA2D57018CAAA750000627D /* diamond.png */,
				9BA2D55A18C92F560000627D /* capsule.png */,
				9BA735A318CEAE43004C1EED /* WBC.png */,
				9BE92B58194B72B1009A3813 /* Red.png */,
				9BE92B56194B7242009A3813 /* Blue.png */,
				9B79D47818D0DC4800A1FC7C /* bacteria.png */,
				9B7A725E197455FD007D4817 /* TBResistant.png */,
				9B79D47A18D0ED8100A1FC7C /* infectedWBC.png */,
				9BDEFE0118D40483004A3BC4 /* malaria.png */,
				9B7A7260197471AD007D4817 /* MalariaResistant.png */,
				9BD46E7E1990614D00C69810 /* sickledBlue.png */,
				9BE92B5C194B814E009A3813 /* redSickle.png */,
				9BD46E801990630200C69810 /* sickledRed.png */,
				9BE92B62194B8A2E009A3813 /* malariaRed.png */,
				9BE92B60194B8A26009A3813 /* blueSickle.png */,
				9BED8B7B18C7BD9A004EFAEC /* Images.xcassets */,
				9BED8B6218C7BD9A004EFAEC /* Supporting Files */,
			);
			path = BloodBot;
			sourceTree = "<group>";
		};
		9BED8B6218C7BD9A004EFAEC /* Supporting Files */ = {
			isa = PBXGroup;
			children = (
				9BED8B6318C7BD9A004EFAEC /* BloodBot-Info.plist */,
				9BED8B6418C7BD9A004EFAEC /* InfoPlist.strings */,
				9BED8B6718C7BD9A004EFAEC /* main.m */,
				9BED8B6918C7BD9A004EFAEC /* BloodBot-Prefix.pch */,
			);
			name = "Supporting Files";
			sourceTree = "<group>";
		};
		9BED8B8818C7BD9B004EFAEC /* BloodBotTests */ = {
			isa = PBXGroup;
			children = (
				9BED8B8E18C7BD9B004EFAEC /* BloodBotTests.m */,
				9BED8B8918C7BD9B004EFAEC /* Supporting Files */,
			);
			path = BloodBotTests;
			sourceTree = "<group>";
		};
		9BED8B8918C7BD9B004EFAEC /* Supporting Files */ = {
			isa = PBXGroup;
			children = (
				9BED8B8A18C7BD9B004EFAEC /* BloodBotTests-Info.plist */,
				9BED8B8B18C7BD9B004EFAEC /* InfoPlist.strings */,
			);
			name = "Supporting Files";
			sourceTree = "<group>";
		};
		9BED8B9818C7C97F004EFAEC /* Model */ = {
			isa = PBXGroup;
			children = (
				9BA2D55F18CA905F0000627D /* BBObject.h */,
				9BA2D56018CA905F0000627D /* BBObject.m */,
				9BA2D56218CA967C0000627D /* BBRobot.h */,
				9BA2D56318CA967C0000627D /* BBRobot.m */,
				9BA2D56518CA96960000627D /* BBWhiteBloodCell.h */,
				9BA2D56618CA96960000627D /* BBWhiteBloodCell.m */,
				9BA2D56818CA9F250000627D /* BBRedBloodCell.h */,
				9BA2D56918CA9F250000627D /* BBRedBloodCell.m */,
				9BA2D56B18CAA0B70000627D /* BBPathogen.h */,
				9BA2D56C18CAA0B70000627D /* BBPathogen.m */,
			);
			name = Model;
			sourceTree = "<group>";
		};
/* End PBXGroup section */

/* Begin PBXNativeTarget section */
		9BED8B5518C7BD9A004EFAEC /* BloodBot */ = {
			isa = PBXNativeTarget;
			buildConfigurationList = 9BED8B9218C7BD9B004EFAEC /* Build configuration list for PBXNativeTarget "BloodBot" */;
			buildPhases = (
				9BED8B5218C7BD9A004EFAEC /* Sources */,
				9BED8B5318C7BD9A004EFAEC /* Frameworks */,
				9BED8B5418C7BD9A004EFAEC /* Resources */,
			);
			buildRules = (
			);
			dependencies = (
			);
			name = BloodBot;
			productName = BloodBot;
			productReference = 9BED8B5618C7BD9A004EFAEC /* BloodBot.app */;
			productType = "com.apple.product-type.application";
		};
		9BED8B8018C7BD9B004EFAEC /* BloodBotTests */ = {
			isa = PBXNativeTarget;
			buildConfigurationList = 9BED8B9518C7BD9B004EFAEC /* Build configuration list for PBXNativeTarget "BloodBotTests" */;
			buildPhases = (
				9BED8B7D18C7BD9B004EFAEC /* Sources */,
				9BED8B7E18C7BD9B004EFAEC /* Frameworks */,
				9BED8B7F18C7BD9B004EFAEC /* Resources */,
			);
			buildRules = (
			);
			dependencies = (
				9BED8B8718C7BD9B004EFAEC /* PBXTargetDependency */,
			);
			name = BloodBotTests;
			productName = BloodBotTests;
			productReference = 9BED8B8118C7BD9B004EFAEC /* BloodBotTests.xctest */;
			productType = "com.apple.product-type.bundle.unit-test";
		};
/* End PBXNativeTarget section */

/* Begin PBXProject section */
		9BED8B4E18C7BD9A004EFAEC /* Project object */ = {
			isa = PBXProject;
			attributes = {
				CLASSPREFIX = BB;
				LastUpgradeCheck = 0510;
				ORGANIZATIONNAME = "Ship Shape";
				TargetAttributes = {
					9BED8B5518C7BD9A004EFAEC = {
						DevelopmentTeam = DH36U6763S;
					};
					9BED8B8018C7BD9B004EFAEC = {
						TestTargetID = 9BED8B5518C7BD9A004EFAEC;
					};
				};
			};
			buildConfigurationList = 9BED8B5118C7BD9A004EFAEC /* Build configuration list for PBXProject "BloodBot" */;
			compatibilityVersion = "Xcode 3.2";
			developmentRegion = English;
			hasScannedForEncodings = 0;
			knownRegions = (
				en,
				Base,
			);
			mainGroup = 9BED8B4D18C7BD9A004EFAEC;
			productRefGroup = 9BED8B5718C7BD9A004EFAEC /* Products */;
			projectDirPath = "";
			projectRoot = "";
			targets = (
				9BED8B5518C7BD9A004EFAEC /* BloodBot */,
				9BED8B8018C7BD9B004EFAEC /* BloodBotTests */,
			);
		};
/* End PBXProject section */

/* Begin PBXResourcesBuildPhase section */
		9BED8B5418C7BD9A004EFAEC /* Resources */ = {
			isa = PBXResourcesBuildPhase;
			buildActionMask = 2147483647;
			files = (
				9BE92B63194B8A2E009A3813 /* malariaRed.png in Resources */,
				9BD46E811990630200C69810 /* sickledRed.png in Resources */,
				9BE92B61194B8A26009A3813 /* blueSickle.png in Resources */,
				9BED8B7C18C7BD9A004EFAEC /* Images.xcassets in Resources */,
				9BE92B5F194B814E009A3813 /* redSickle.png in Resources */,
				9B79D47918D0DC4800A1FC7C /* bacteria.png in Resources */,
				9B7A725F197455FD007D4817 /* TBResistant.png in Resources */,
				9BA2D55B18C92F560000627D /* capsule.png in Resources */,
				9BED8B7218C7BD9A004EFAEC /* Main_iPad.storyboard in Resources */,
				9BE92B57194B7242009A3813 /* Blue.png in Resources */,
				9B7A7261197471AD007D4817 /* MalariaResistant.png in Resources */,
				9B79D47B18D0ED8100A1FC7C /* infectedWBC.png in Resources */,
				9BA2D57118CAAA750000627D /* diamond.png in Resources */,
				9BA735A418CEAE43004C1EED /* WBC.png in Resources */,
				9BD46E7F1990614D00C69810 /* sickledBlue.png in Resources */,
				9BDEFE0218D40483004A3BC4 /* malaria.png in Resources */,
				9BE92B59194B72B1009A3813 /* Red.png in Resources */,
				9BED8B6F18C7BD9A004EFAEC /* Main_iPhone.storyboard in Resources */,
				9BED8B6618C7BD9A004EFAEC /* InfoPlist.strings in Resources */,
			);
			runOnlyForDeploymentPostprocessing = 0;
		};
		9BED8B7F18C7BD9B004EFAEC /* Resources */ = {
			isa = PBXResourcesBuildPhase;
			buildActionMask = 2147483647;
			files = (
				9BED8B8D18C7BD9B004EFAEC /* InfoPlist.strings in Resources */,
			);
			runOnlyForDeploymentPostprocessing = 0;
		};
/* End PBXResourcesBuildPhase section */

/* Begin PBXSourcesBuildPhase section */
		9BED8B5218C7BD9A004EFAEC /* Sources */ = {
			isa = PBXSourcesBuildPhase;
			buildActionMask = 2147483647;
			files = (
				9BED8B7518C7BD9A004EFAEC /* BBViewController.m in Sources */,
				9BED8B6C18C7BD9A004EFAEC /* BBAppDelegate.m in Sources */,
				9BDEFE0018D4008D004A3BC4 /* BBGameOverViewController.m in Sources */,
				9BA2D56718CA96960000627D /* BBWhiteBloodCell.m in Sources */,
				9B79D47718D008C300A1FC7C /* BBButtonView.m in Sources */,
				9BA2D56418CA967C0000627D /* BBRobot.m in Sources */,
				9BA2D56118CA905F0000627D /* BBObject.m in Sources */,
				9BA2D56D18CAA0B70000627D /* BBPathogen.m in Sources */,
				9BA2D55E18CA51310000627D /* BBMenuViewController.m in Sources */,
				9BA2D56A18CA9F250000627D /* BBRedBloodCell.m in Sources */,
				9BE26574193A17DA006673D7 /* BBChooserViewController.m in Sources */,
				9BED8B7818C7BD9A004EFAEC /* BBMyScene.m in Sources */,
				9BED8B6818C7BD9A004EFAEC /* main.m in Sources */,
			);
			runOnlyForDeploymentPostprocessing = 0;
		};
		9BED8B7D18C7BD9B004EFAEC /* Sources */ = {
			isa = PBXSourcesBuildPhase;
			buildActionMask = 2147483647;
			files = (
				9BED8B8F18C7BD9B004EFAEC /* BloodBotTests.m in Sources */,
			);
			runOnlyForDeploymentPostprocessing = 0;
		};
/* End PBXSourcesBuildPhase section */

/* Begin PBXTargetDependency section */
		9BED8B8718C7BD9B004EFAEC /* PBXTargetDependency */ = {
			isa = PBXTargetDependency;
			target = 9BED8B5518C7BD9A004EFAEC /* BloodBot */;
			targetProxy = 9BED8B8618C7BD9B004EFAEC /* PBXContainerItemProxy */;
		};
/* End PBXTargetDependency section */

/* Begin PBXVariantGroup section */
		9BED8B6418C7BD9A004EFAEC /* InfoPlist.strings */ = {
			isa = PBXVariantGroup;
			children = (
				9BED8B6518C7BD9A004EFAEC /* en */,
			);
			name = InfoPlist.strings;
			sourceTree = "<group>";
		};
		9BED8B6D18C7BD9A004EFAEC /* Main_iPhone.storyboard */ = {
			isa = PBXVariantGroup;
			children = (
				9BED8B6E18C7BD9A004EFAEC /* Base */,
			);
			name = Main_iPhone.storyboard;
			sourceTree = "<group>";
		};
		9BED8B7018C7BD9A004EFAEC /* Main_iPad.storyboard */ = {
			isa = PBXVariantGroup;
			children = (
				9BED8B7118C7BD9A004EFAEC /* Base */,
			);
			name = Main_iPad.storyboard;
			sourceTree = "<group>";
		};
		9BED8B8B18C7BD9B004EFAEC /* InfoPlist.strings */ = {
			isa = PBXVariantGroup;
			children = (
				9BED8B8C18C7BD9B004EFAEC /* en */,
			);
			name = InfoPlist.strings;
			sourceTree = "<group>";
		};
/* End PBXVariantGroup section */

/* Begin XCBuildConfiguration section */
		9BED8B9018C7BD9B004EFAEC /* Debug */ = {
			isa = XCBuildConfiguration;
			buildSettings = {
				ALWAYS_SEARCH_USER_PATHS = NO;
				CLANG_CXX_LANGUAGE_STANDARD = "gnu++0x";
				CLANG_CXX_LIBRARY = "libc++";
				CLANG_ENABLE_MODULES = YES;
				CLANG_ENABLE_OBJC_ARC = YES;
				CLANG_WARN_BOOL_CONVERSION = YES;
				CLANG_WARN_CONSTANT_CONVERSION = YES;
				CLANG_WARN_DIRECT_OBJC_ISA_USAGE = YES_ERROR;
				CLANG_WARN_EMPTY_BODY = YES;
				CLANG_WARN_ENUM_CONVERSION = YES;
				CLANG_WARN_INT_CONVERSION = YES;
				CLANG_WARN_OBJC_ROOT_CLASS = YES_ERROR;
				CLANG_WARN__DUPLICATE_METHOD_MATCH = YES;
				CODE_SIGN_IDENTITY = "iOS Distribution";
				"CODE_SIGN_IDENTITY[sdk=iphoneos*]" = "iOS Distribution";
				COPY_PHASE_STRIP = NO;
				GCC_C_LANGUAGE_STANDARD = gnu99;
				GCC_DYNAMIC_NO_PIC = NO;
				GCC_OPTIMIZATION_LEVEL = 0;
				GCC_PREPROCESSOR_DEFINITIONS = (
					"DEBUG=1",
					"$(inherited)",
				);
				GCC_SYMBOLS_PRIVATE_EXTERN = NO;
				GCC_WARN_64_TO_32_BIT_CONVERSION = YES;
				GCC_WARN_ABOUT_RETURN_TYPE = YES_ERROR;
				GCC_WARN_UNDECLARED_SELECTOR = YES;
				GCC_WARN_UNINITIALIZED_AUTOS = YES;
				GCC_WARN_UNUSED_FUNCTION = NO;
				GCC_WARN_UNUSED_LABEL = YES;
				GCC_WARN_UNUSED_VARIABLE = YES;
				IPHONEOS_DEPLOYMENT_TARGET = 7.0;
				ONLY_ACTIVE_ARCH = YES;
				PROVISIONING_PROFILE = "c0359770-febb-407d-8d6a-2d8b8d731103";
				SDKROOT = iphoneos;
				TARGETED_DEVICE_FAMILY = "1,2";
				VALIDATE_PRODUCT = YES;
			};
			name = Debug;
		};
		9BED8B9118C7BD9B004EFAEC /* Release */ = {
			isa = XCBuildConfiguration;
			buildSettings = {
				ALWAYS_SEARCH_USER_PATHS = NO;
				CLANG_CXX_LANGUAGE_STANDARD = "gnu++0x";
				CLANG_CXX_LIBRARY = "libc++";
				CLANG_ENABLE_MODULES = YES;
				CLANG_ENABLE_OBJC_ARC = YES;
				CLANG_WARN_BOOL_CONVERSION = YES;
				CLANG_WARN_CONSTANT_CONVERSION = YES;
				CLANG_WARN_DIRECT_OBJC_ISA_USAGE = YES_ERROR;
				CLANG_WARN_EMPTY_BODY = YES;
				CLANG_WARN_ENUM_CONVERSION = YES;
				CLANG_WARN_INT_CONVERSION = YES;
				CLANG_WARN_OBJC_ROOT_CLASS = YES_ERROR;
				CLANG_WARN__DUPLICATE_METHOD_MATCH = YES;
				CODE_SIGN_IDENTITY = "iOS Distribution";
				"CODE_SIGN_IDENTITY[sdk=iphoneos*]" = "iOS Distribution";
				COPY_PHASE_STRIP = YES;
				ENABLE_NS_ASSERTIONS = NO;
				GCC_C_LANGUAGE_STANDARD = gnu99;
				GCC_WARN_64_TO_32_BIT_CONVERSION = YES;
				GCC_WARN_ABOUT_RETURN_TYPE = YES_ERROR;
				GCC_WARN_UNDECLARED_SELECTOR = YES;
				GCC_WARN_UNINITIALIZED_AUTOS = YES;
				GCC_WARN_UNUSED_FUNCTION = NO;
				GCC_WARN_UNUSED_LABEL = YES;
				GCC_WARN_UNUSED_VARIABLE = YES;
				IPHONEOS_DEPLOYMENT_TARGET = 7.0;
				PROVISIONING_PROFILE = "c0359770-febb-407d-8d6a-2d8b8d731103";
				SDKROOT = iphoneos;
				TARGETED_DEVICE_FAMILY = "1,2";
				VALIDATE_PRODUCT = YES;
			};
			name = Release;
		};
		9BED8B9318C7BD9B004EFAEC /* Debug */ = {
			isa = XCBuildConfiguration;
			buildSettings = {
				ASSETCATALOG_COMPILER_APPICON_NAME = AppIcon;
				ASSETCATALOG_COMPILER_LAUNCHIMAGE_NAME = LaunchImage;
				CODE_SIGN_IDENTITY = "iPhone Developer";
				"CODE_SIGN_IDENTITY[sdk=iphoneos*]" = "iPhone Developer";
				GCC_PRECOMPILE_PREFIX_HEADER = YES;
				GCC_PREFIX_HEADER = "BloodBot/BloodBot-Prefix.pch";
				INFOPLIST_FILE = "BloodBot/BloodBot-Info.plist";
				PRODUCT_NAME = "$(TARGET_NAME)";
				PROVISIONING_PROFILE = "";
				SPRITEKIT_TEXTURE_ATLAS_OUTPUT = YES;
				TARGETED_DEVICE_FAMILY = 2;
				VALIDATE_PRODUCT = YES;
				WRAPPER_EXTENSION = app;
			};
			name = Debug;
		};
		9BED8B9418C7BD9B004EFAEC /* Release */ = {
			isa = XCBuildConfiguration;
			buildSettings = {
				ASSETCATALOG_COMPILER_APPICON_NAME = AppIcon;
				ASSETCATALOG_COMPILER_LAUNCHIMAGE_NAME = LaunchImage;
				CODE_SIGN_IDENTITY = "iPhone Developer";
				"CODE_SIGN_IDENTITY[sdk=iphoneos*]" = "iPhone Developer";
				GCC_PRECOMPILE_PREFIX_HEADER = YES;
				GCC_PREFIX_HEADER = "BloodBot/BloodBot-Prefix.pch";
				INFOPLIST_FILE = "BloodBot/BloodBot-Info.plist";
				PRODUCT_NAME = "$(TARGET_NAME)";
				PROVISIONING_PROFILE = "";
				SPRITEKIT_TEXTURE_ATLAS_OUTPUT = YES;
				TARGETED_DEVICE_FAMILY = 2;
				WRAPPER_EXTENSION = app;
			};
			name = Release;
		};
		9BED8B9618C7BD9B004EFAEC /* Debug */ = {
			isa = XCBuildConfiguration;
			buildSettings = {
				BUNDLE_LOADER = "$(BUILT_PRODUCTS_DIR)/BloodBot.app/BloodBot";
				CODE_SIGN_IDENTITY = "iPhone Distribution";
				FRAMEWORK_SEARCH_PATHS = (
					"$(SDKROOT)/Developer/Library/Frameworks",
					"$(inherited)",
					"$(DEVELOPER_FRAMEWORKS_DIR)",
				);
				GCC_PRECOMPILE_PREFIX_HEADER = YES;
				GCC_PREFIX_HEADER = "BloodBot/BloodBot-Prefix.pch";
				GCC_PREPROCESSOR_DEFINITIONS = (
					"DEBUG=1",
					"$(inherited)",
				);
				INFOPLIST_FILE = "BloodBotTests/BloodBotTests-Info.plist";
				PRODUCT_NAME = "$(TARGET_NAME)";
				PROVISIONING_PROFILE = "c0359770-febb-407d-8d6a-2d8b8d731103";
				TEST_HOST = "$(BUNDLE_LOADER)";
				WRAPPER_EXTENSION = xctest;
			};
			name = Debug;
		};
		9BED8B9718C7BD9B004EFAEC /* Release */ = {
			isa = XCBuildConfiguration;
			buildSettings = {
				BUNDLE_LOADER = "$(BUILT_PRODUCTS_DIR)/BloodBot.app/BloodBot";
				CODE_SIGN_IDENTITY = "iPhone Distribution";
				FRAMEWORK_SEARCH_PATHS = (
					"$(SDKROOT)/Developer/Library/Frameworks",
					"$(inherited)",
					"$(DEVELOPER_FRAMEWORKS_DIR)",
				);
				GCC_PRECOMPILE_PREFIX_HEADER = YES;
				GCC_PREFIX_HEADER = "BloodBot/BloodBot-Prefix.pch";
				INFOPLIST_FILE = "BloodBotTests/BloodBotTests-Info.plist";
				PRODUCT_NAME = "$(TARGET_NAME)";
				PROVISIONING_PROFILE = "c0359770-febb-407d-8d6a-2d8b8d731103";
				TEST_HOST = "$(BUNDLE_LOADER)";
				WRAPPER_EXTENSION = xctest;
			};
			name = Release;
		};
/* End XCBuildConfiguration section */

/* Begin XCConfigurationList section */
		9BED8B5118C7BD9A004EFAEC /* Build configuration list for PBXProject "BloodBot" */ = {
			isa = XCConfigurationList;
			buildConfigurations = (
				9BED8B9018C7BD9B004EFAEC /* Debug */,
				9BED8B9118C7BD9B004EFAEC /* Release */,
			);
			defaultConfigurationIsVisible = 0;
			defaultConfigurationName = Release;
		};
		9BED8B9218C7BD9B004EFAEC /* Build configuration list for PBXNativeTarget "BloodBot" */ = {
			isa = XCConfigurationList;
			buildConfigurations = (
				9BED8B9318C7BD9B004EFAEC /* Debug */,
				9BED8B9418C7BD9B004EFAEC /* Release */,
			);
			defaultConfigurationIsVisible = 0;
			defaultConfigurationName = Release;
		};
		9BED8B9518C7BD9B004EFAEC /* Build configuration list for PBXNativeTarget "BloodBotTests" */ = {
			isa = XCConfigurationList;
			buildConfigurations = (
				9BED8B9618C7BD9B004EFAEC /* Debug */,
				9BED8B9718C7BD9B004EFAEC /* Release */,
			);
			defaultConfigurationIsVisible = 0;
			defaultConfigurationName = Release;
		};
/* End XCConfigurationList section */
	};
	rootObject = 9BED8B4E18C7BD9A004EFAEC /* Project object */;
}
